
Microsoft Visual Studio Solution File, Format Version 12.00
Project("{FAE04EC0-301F-11D3-BF4B-00C04F79EFBC}") = "ABC", "ABC\ABC.csproj", "{88A7EE1F-194C-4033-BFA6-C97AD701DEBC}"
EndProject
Project("{FAE04EC0-301F-11D3-BF4B-00C04F79EFBC}") = "ABCUnitTests", "ABCUnitTests\ABCUnitTests.csproj", "{DAFEE243-F1D6-45AB-85C7-3CD142D7746B}"
EndProject
Global
	GlobalSection(SolutionConfigurationPlatforms) = preSolution
		Debug|Any CPU = Debug|Any CPU
		Release|Any CPU = Release|Any CPU
	EndGlobalSection
	GlobalSection(ProjectConfigurationPlatforms) = postSolution
		{88A7EE1F-194C-4033-BFA6-C97AD701DEBC}.Debug|Any CPU.ActiveCfg = Debug|Any CPU
		{88A7EE1F-194C-4033-BFA6-C97AD701DEBC}.Debug|Any CPU.Build.0 = Debug|Any CPU
		{88A7EE1F-194C-4033-BFA6-C97AD701DEBC}.Release|Any CPU.ActiveCfg = Release|Any CPU
		{88A7EE1F-194C-4033-BFA6-C97AD701DEBC}.Release|Any CPU.Build.0 = Release|Any CPU
		{DAFEE243-F1D6-45AB-85C7-3CD142D7746B}.Debug|Any CPU.ActiveCfg = Debug|Any CPU
		{DAFEE243-F1D6-45AB-85C7-3CD142D7746B}.Debug|Any CPU.Build.0 = Debug|Any CPU
		{DAFEE243-F1D6-45AB-85C7-3CD142D7746B}.Release|Any CPU.ActiveCfg = Release|Any CPU
		{DAFEE243-F1D6-45AB-85C7-3CD142D7746B}.Release|Any CPU.Build.0 = Release|Any CPU
	EndGlobalSection
EndGlobal
